// !$*UTF8*$!
{
	archiveVersion = 1;
	classes = {
	};
	objectVersion = 56;
	objects = {

/* Begin PBXBuildFile section */
		112DC4162CC61EDB00F4EF10 /* Preview Assets.xcassets in Resources */ = {isa = PBXBuildFile; fileRef = 112DC4152CC61EDB00F4EF10 /* Preview Assets.xcassets */; };
		112DC4202CC61EDB00F4EF10 /* journalingTests.swift in Sources */ = {isa = PBXBuildFile; fileRef = 112DC41F2CC61EDB00F4EF10 /* journalingTests.swift */; };
		112DC42A2CC61EDB00F4EF10 /* journalingUITests.swift in Sources */ = {isa = PBXBuildFile; fileRef = 112DC4292CC61EDB00F4EF10 /* journalingUITests.swift */; };
		112DC42C2CC61EDB00F4EF10 /* journalingUITestsLaunchTests.swift in Sources */ = {isa = PBXBuildFile; fileRef = 112DC42B2CC61EDB00F4EF10 /* journalingUITestsLaunchTests.swift */; };
		11CA501B2CD0BF81004D85A8 /* ContentView.swift in Sources */ = {isa = PBXBuildFile; fileRef = 11CA50142CD0BF80004D85A8 /* ContentView.swift */; };
		11CA501C2CD0BF81004D85A8 /* ContentView.swift in Sources */ = {isa = PBXBuildFile; fileRef = 11CA50142CD0BF80004D85A8 /* ContentView.swift */; };
		11CA501D2CD0BF81004D85A8 /* ContentView.swift in Sources */ = {isa = PBXBuildFile; fileRef = 11CA50142CD0BF80004D85A8 /* ContentView.swift */; };
		11CA501E2CD0BF81004D85A8 /* JournalEntryModel.swift in Sources */ = {isa = PBXBuildFile; fileRef = 11CA50152CD0BF80004D85A8 /* JournalEntryModel.swift */; };
		11CA501F2CD0BF81004D85A8 /* JournalEntryModel.swift in Sources */ = {isa = PBXBuildFile; fileRef = 11CA50152CD0BF80004D85A8 /* JournalEntryModel.swift */; };
		11CA50202CD0BF81004D85A8 /* JournalEntryModel.swift in Sources */ = {isa = PBXBuildFile; fileRef = 11CA50152CD0BF80004D85A8 /* JournalEntryModel.swift */; };
		11CA50212CD0BF81004D85A8 /* MainPage2.swift in Sources */ = {isa = PBXBuildFile; fileRef = 11CA50162CD0BF80004D85A8 /* MainPage2.swift */; };
		11CA50222CD0BF81004D85A8 /* MainPage2.swift in Sources */ = {isa = PBXBuildFile; fileRef = 11CA50162CD0BF80004D85A8 /* MainPage2.swift */; };
		11CA50232CD0BF81004D85A8 /* MainPage2.swift in Sources */ = {isa = PBXBuildFile; fileRef = 11CA50162CD0BF80004D85A8 /* MainPage2.swift */; };
		11CA50242CD0BF81004D85A8 /* JournalViewModel.swift in Sources */ = {isa = PBXBuildFile; fileRef = 11CA50172CD0BF81004D85A8 /* JournalViewModel.swift */; };
		11CA50252CD0BF81004D85A8 /* JournalViewModel.swift in Sources */ = {isa = PBXBuildFile; fileRef = 11CA50172CD0BF81004D85A8 /* JournalViewModel.swift */; };
		11CA50262CD0BF81004D85A8 /* JournalViewModel.swift in Sources */ = {isa = PBXBuildFile; fileRef = 11CA50172CD0BF81004D85A8 /* JournalViewModel.swift */; };
		11CA50272CD0BF81004D85A8 /* Assets.xcassets in Resources */ = {isa = PBXBuildFile; fileRef = 11CA50182CD0BF81004D85A8 /* Assets.xcassets */; };
		11CA50282CD0BF81004D85A8 /* Assets.xcassets in Resources */ = {isa = PBXBuildFile; fileRef = 11CA50182CD0BF81004D85A8 /* Assets.xcassets */; };
		11CA50292CD0BF81004D85A8 /* Assets.xcassets in Resources */ = {isa = PBXBuildFile; fileRef = 11CA50182CD0BF81004D85A8 /* Assets.xcassets */; };
		11CA502A2CD0BF81004D85A8 /* AddJournalEntryView.swift in Sources */ = {isa = PBXBuildFile; fileRef = 11CA50192CD0BF81004D85A8 /* AddJournalEntryView.swift */; };
		11CA502B2CD0BF81004D85A8 /* AddJournalEntryView.swift in Sources */ = {isa = PBXBuildFile; fileRef = 11CA50192CD0BF81004D85A8 /* AddJournalEntryView.swift */; };
		11CA502C2CD0BF81004D85A8 /* AddJournalEntryView.swift in Sources */ = {isa = PBXBuildFile; fileRef = 11CA50192CD0BF81004D85A8 /* AddJournalEntryView.swift */; };
		11CA502D2CD0BF81004D85A8 /* journalingApp.swift in Sources */ = {isa = PBXBuildFile; fileRef = 11CA501A2CD0BF81004D85A8 /* journalingApp.swift */; };
		11CA502E2CD0BF81004D85A8 /* journalingApp.swift in Sources */ = {isa = PBXBuildFile; fileRef = 11CA501A2CD0BF81004D85A8 /* journalingApp.swift */; };
		11CA502F2CD0BF81004D85A8 /* journalingApp.swift in Sources */ = {isa = PBXBuildFile; fileRef = 11CA501A2CD0BF81004D85A8 /* journalingApp.swift */; };
/* End PBXBuildFile section */

/* Begin PBXContainerItemProxy section */
		112DC41C2CC61EDB00F4EF10 /* PBXContainerItemProxy */ = {
			isa = PBXContainerItemProxy;
			containerPortal = 112DC4032CC61EDA00F4EF10 /* Project object */;
			proxyType = 1;
			remoteGlobalIDString = 112DC40A2CC61EDB00F4EF10;
			remoteInfo = journaling;
		};
		112DC4262CC61EDB00F4EF10 /* PBXContainerItemProxy */ = {
			isa = PBXContainerItemProxy;
			containerPortal = 112DC4032CC61EDA00F4EF10 /* Project object */;
			proxyType = 1;
			remoteGlobalIDString = 112DC40A2CC61EDB00F4EF10;
			remoteInfo = journaling;
		};
/* End PBXContainerItemProxy section */

/* Begin PBXFileReference section */
		112DC40B2CC61EDB00F4EF10 /* journaling.app */ = {isa = PBXFileReference; explicitFileType = wrapper.application; includeInIndex = 0; path = journaling.app; sourceTree = BUILT_PRODUCTS_DIR; };
		112DC4152CC61EDB00F4EF10 /* Preview Assets.xcassets */ = {isa = PBXFileReference; lastKnownFileType = folder.assetcatalog; path = "Preview Assets.xcassets"; sourceTree = "<group>"; };
		112DC41B2CC61EDB00F4EF10 /* journalingTests.xctest */ = {isa = PBXFileReference; explicitFileType = wrapper.cfbundle; includeInIndex = 0; path = journalingTests.xctest; sourceTree = BUILT_PRODUCTS_DIR; };
		112DC41F2CC61EDB00F4EF10 /* journalingTests.swift */ = {isa = PBXFileReference; lastKnownFileType = sourcecode.swift; path = journalingTests.swift; sourceTree = "<group>"; };
		112DC4252CC61EDB00F4EF10 /* journalingUITests.xctest */ = {isa = PBXFileReference; explicitFileType = wrapper.cfbundle; includeInIndex = 0; path = journalingUITests.xctest; sourceTree = BUILT_PRODUCTS_DIR; };
		112DC4292CC61EDB00F4EF10 /* journalingUITests.swift */ = {isa = PBXFileReference; lastKnownFileType = sourcecode.swift; path = journalingUITests.swift; sourceTree = "<group>"; };
		112DC42B2CC61EDB00F4EF10 /* journalingUITestsLaunchTests.swift */ = {isa = PBXFileReference; lastKnownFileType = sourcecode.swift; path = journalingUITestsLaunchTests.swift; sourceTree = "<group>"; };
		11CA50142CD0BF80004D85A8 /* ContentView.swift */ = {isa = PBXFileReference; fileEncoding = 4; lastKnownFileType = sourcecode.swift; path = ContentView.swift; sourceTree = "<group>"; };
		11CA50152CD0BF80004D85A8 /* JournalEntryModel.swift */ = {isa = PBXFileReference; fileEncoding = 4; lastKnownFileType = sourcecode.swift; path = JournalEntryModel.swift; sourceTree = "<group>"; };
		11CA50162CD0BF80004D85A8 /* MainPage2.swift */ = {isa = PBXFileReference; fileEncoding = 4; lastKnownFileType = sourcecode.swift; path = MainPage2.swift; sourceTree = "<group>"; };
		11CA50172CD0BF81004D85A8 /* JournalViewModel.swift */ = {isa = PBXFileReference; fileEncoding = 4; lastKnownFileType = sourcecode.swift; path = JournalViewModel.swift; sourceTree = "<group>"; };
		11CA50182CD0BF81004D85A8 /* Assets.xcassets */ = {isa = PBXFileReference; lastKnownFileType = folder.assetcatalog; path = Assets.xcassets; sourceTree = "<group>"; };
		11CA50192CD0BF81004D85A8 /* AddJournalEntryView.swift */ = {isa = PBXFileReference; fileEncoding = 4; lastKnownFileType = sourcecode.swift; path = AddJournalEntryView.swift; sourceTree = "<group>"; };
		11CA501A2CD0BF81004D85A8 /* journalingApp.swift */ = {isa = PBXFileReference; fileEncoding = 4; lastKnownFileType = sourcecode.swift; path = journalingApp.swift; sourceTree = "<group>"; };
/* End PBXFileReference section */

/* Begin PBXFrameworksBuildPhase section */
		112DC4082CC61EDB00F4EF10 /* Frameworks */ = {
			isa = PBXFrameworksBuildPhase;
			buildActionMask = 2147483647;
			files = (
			);
			runOnlyForDeploymentPostprocessing = 0;
		};
		112DC4182CC61EDB00F4EF10 /* Frameworks */ = {
			isa = PBXFrameworksBuildPhase;
			buildActionMask = 2147483647;
			files = (
			);
			runOnlyForDeploymentPostprocessing = 0;
		};
		112DC4222CC61EDB00F4EF10 /* Frameworks */ = {
			isa = PBXFrameworksBuildPhase;
			buildActionMask = 2147483647;
			files = (
			);
			runOnlyForDeploymentPostprocessing = 0;
		};
/* End PBXFrameworksBuildPhase section */

/* Begin PBXGroup section */
		112DC4022CC61EDA00F4EF10 = {
			isa = PBXGroup;
			children = (
				112DC40D2CC61EDB00F4EF10 /* journaling */,
				112DC41E2CC61EDB00F4EF10 /* journalingTests */,
				112DC4282CC61EDB00F4EF10 /* journalingUITests */,
				112DC40C2CC61EDB00F4EF10 /* Products */,
			);
			sourceTree = "<group>";
		};
		112DC40C2CC61EDB00F4EF10 /* Products */ = {
			isa = PBXGroup;
			children = (
				112DC40B2CC61EDB00F4EF10 /* journaling.app */,
				112DC41B2CC61EDB00F4EF10 /* journalingTests.xctest */,
				112DC4252CC61EDB00F4EF10 /* journalingUITests.xctest */,
			);
			name = Products;
			sourceTree = "<group>";
		};
		112DC40D2CC61EDB00F4EF10 /* journaling */ = {
			isa = PBXGroup;
			children = (
				11CA50192CD0BF81004D85A8 /* AddJournalEntryView.swift */,
				11CA50182CD0BF81004D85A8 /* Assets.xcassets */,
				11CA50142CD0BF80004D85A8 /* ContentView.swift */,
				11CA50152CD0BF80004D85A8 /* JournalEntryModel.swift */,
				11CA501A2CD0BF81004D85A8 /* journalingApp.swift */,
				11CA50172CD0BF81004D85A8 /* JournalViewModel.swift */,
				11CA50162CD0BF80004D85A8 /* MainPage2.swift */,
				112DC4142CC61EDB00F4EF10 /* Preview Content */,
			);
			path = journaling;
			sourceTree = "<group>";
		};
		112DC4142CC61EDB00F4EF10 /* Preview Content */ = {
			isa = PBXGroup;
			children = (
				112DC4152CC61EDB00F4EF10 /* Preview Assets.xcassets */,
			);
			path = "Preview Content";
			sourceTree = "<group>";
		};
		112DC41E2CC61EDB00F4EF10 /* journalingTests */ = {
			isa = PBXGroup;
			children = (
				112DC41F2CC61EDB00F4EF10 /* journalingTests.swift */,
			);
			path = journalingTests;
			sourceTree = "<group>";
		};
		112DC4282CC61EDB00F4EF10 /* journalingUITests */ = {
			isa = PBXGroup;
			children = (
				112DC4292CC61EDB00F4EF10 /* journalingUITests.swift */,
				112DC42B2CC61EDB00F4EF10 /* journalingUITestsLaunchTests.swift */,
			);
			path = journalingUITests;
			sourceTree = "<group>";
		};
/* End PBXGroup section */

/* Begin PBXNativeTarget section */
		112DC40A2CC61EDB00F4EF10 /* journaling */ = {
			isa = PBXNativeTarget;
			buildConfigurationList = 112DC42F2CC61EDB00F4EF10 /* Build configuration list for PBXNativeTarget "journaling" */;
			buildPhases = (
				112DC4072CC61EDB00F4EF10 /* Sources */,
				112DC4082CC61EDB00F4EF10 /* Frameworks */,
				112DC4092CC61EDB00F4EF10 /* Resources */,
			);
			buildRules = (
			);
			dependencies = (
			);
			name = journaling;
			productName = journaling;
			productReference = 112DC40B2CC61EDB00F4EF10 /* journaling.app */;
			productType = "com.apple.product-type.application";
		};
		112DC41A2CC61EDB00F4EF10 /* journalingTests */ = {
			isa = PBXNativeTarget;
			buildConfigurationList = 112DC4322CC61EDB00F4EF10 /* Build configuration list for PBXNativeTarget "journalingTests" */;
			buildPhases = (
				112DC4172CC61EDB00F4EF10 /* Sources */,
				112DC4182CC61EDB00F4EF10 /* Frameworks */,
				112DC4192CC61EDB00F4EF10 /* Resources */,
			);
			buildRules = (
			);
			dependencies = (
				112DC41D2CC61EDB00F4EF10 /* PBXTargetDependency */,
			);
			name = journalingTests;
			productName = journalingTests;
			productReference = 112DC41B2CC61EDB00F4EF10 /* journalingTests.xctest */;
			productType = "com.apple.product-type.bundle.unit-test";
		};
		112DC4242CC61EDB00F4EF10 /* journalingUITests */ = {
			isa = PBXNativeTarget;
			buildConfigurationList = 112DC4352CC61EDB00F4EF10 /* Build configuration list for PBXNativeTarget "journalingUITests" */;
			buildPhases = (
				112DC4212CC61EDB00F4EF10 /* Sources */,
				112DC4222CC61EDB00F4EF10 /* Frameworks */,
				112DC4232CC61EDB00F4EF10 /* Resources */,
			);
			buildRules = (
			);
			dependencies = (
				112DC4272CC61EDB00F4EF10 /* PBXTargetDependency */,
			);
			name = journalingUITests;
			productName = journalingUITests;
			productReference = 112DC4252CC61EDB00F4EF10 /* journalingUITests.xctest */;
			productType = "com.apple.product-type.bundle.ui-testing";
		};
/* End PBXNativeTarget section */

/* Begin PBXProject section */
		112DC4032CC61EDA00F4EF10 /* Project object */ = {
			isa = PBXProject;
			attributes = {
				BuildIndependentTargetsInParallel = 1;
				LastSwiftUpdateCheck = 1540;
				LastUpgradeCheck = 1540;
				TargetAttributes = {
					112DC40A2CC61EDB00F4EF10 = {
						CreatedOnToolsVersion = 15.4;
						LastSwiftMigration = 1540;
					};
					112DC41A2CC61EDB00F4EF10 = {
						CreatedOnToolsVersion = 15.4;
						TestTargetID = 112DC40A2CC61EDB00F4EF10;
					};
					112DC4242CC61EDB00F4EF10 = {
						CreatedOnToolsVersion = 15.4;
						TestTargetID = 112DC40A2CC61EDB00F4EF10;
					};
				};
			};
			buildConfigurationList = 112DC4062CC61EDA00F4EF10 /* Build configuration list for PBXProject "journaling" */;
			compatibilityVersion = "Xcode 14.0";
			developmentRegion = en;
			hasScannedForEncodings = 0;
			knownRegions = (
				en,
				Base,
			);
			mainGroup = 112DC4022CC61EDA00F4EF10;
			productRefGroup = 112DC40C2CC61EDB00F4EF10 /* Products */;
			projectDirPath = "";
			projectRoot = "";
			targets = (
				112DC40A2CC61EDB00F4EF10 /* journaling */,
				112DC41A2CC61EDB00F4EF10 /* journalingTests */,
				112DC4242CC61EDB00F4EF10 /* journalingUITests */,
			);
		};
/* End PBXProject section */

/* Begin PBXResourcesBuildPhase section */
		112DC4092CC61EDB00F4EF10 /* Resources */ = {
			isa = PBXResourcesBuildPhase;
			buildActionMask = 2147483647;
			files = (
				11CA50272CD0BF81004D85A8 /* Assets.xcassets in Resources */,
				112DC4162CC61EDB00F4EF10 /* Preview Assets.xcassets in Resources */,
			);
			runOnlyForDeploymentPostprocessing = 0;
		};
		112DC4192CC61EDB00F4EF10 /* Resources */ = {
			isa = PBXResourcesBuildPhase;
			buildActionMask = 2147483647;
			files = (
				11CA50282CD0BF81004D85A8 /* Assets.xcassets in Resources */,
			);
			runOnlyForDeploymentPostprocessing = 0;
		};
		112DC4232CC61EDB00F4EF10 /* Resources */ = {
			isa = PBXResourcesBuildPhase;
			buildActionMask = 2147483647;
			files = (
				11CA50292CD0BF81004D85A8 /* Assets.xcassets in Resources */,
			);
			runOnlyForDeploymentPostprocessing = 0;
		};
/* End PBXResourcesBuildPhase section */

/* Begin PBXSourcesBuildPhase section */
		112DC4072CC61EDB00F4EF10 /* Sources */ = {
			isa = PBXSourcesBuildPhase;
			buildActionMask = 2147483647;
			files = (
				11CA502D2CD0BF81004D85A8 /* journalingApp.swift in Sources */,
				11CA50242CD0BF81004D85A8 /* JournalViewModel.swift in Sources */,
				11CA50212CD0BF81004D85A8 /* MainPage2.swift in Sources */,
				11CA501E2CD0BF81004D85A8 /* JournalEntryModel.swift in Sources */,
				11CA502A2CD0BF81004D85A8 /* AddJournalEntryView.swift in Sources */,
				11CA501B2CD0BF81004D85A8 /* ContentView.swift in Sources */,
			);
			runOnlyForDeploymentPostprocessing = 0;
		};
		112DC4172CC61EDB00F4EF10 /* Sources */ = {
			isa = PBXSourcesBuildPhase;
			buildActionMask = 2147483647;
			files = (
				11CA501C2CD0BF81004D85A8 /* ContentView.swift in Sources */,
				11CA502E2CD0BF81004D85A8 /* journalingApp.swift in Sources */,
				112DC4202CC61EDB00F4EF10 /* journalingTests.swift in Sources */,
				11CA50252CD0BF81004D85A8 /* JournalViewModel.swift in Sources */,
				11CA502B2CD0BF81004D85A8 /* AddJournalEntryView.swift in Sources */,
				11CA50222CD0BF81004D85A8 /* MainPage2.swift in Sources */,
				11CA501F2CD0BF81004D85A8 /* JournalEntryModel.swift in Sources */,
			);
			runOnlyForDeploymentPostprocessing = 0;
		};
		112DC4212CC61EDB00F4EF10 /* Sources */ = {
			isa = PBXSourcesBuildPhase;
			buildActionMask = 2147483647;
			files = (
				11CA502F2CD0BF81004D85A8 /* journalingApp.swift in Sources */,
				11CA502C2CD0BF81004D85A8 /* AddJournalEntryView.swift in Sources */,
				11CA50262CD0BF81004D85A8 /* JournalViewModel.swift in Sources */,
				11CA50202CD0BF81004D85A8 /* JournalEntryModel.swift in Sources */,
				11CA50232CD0BF81004D85A8 /* MainPage2.swift in Sources */,
				112DC42A2CC61EDB00F4EF10 /* journalingUITests.swift in Sources */,
				112DC42C2CC61EDB00F4EF10 /* journalingUITestsLaunchTests.swift in Sources */,
				11CA501D2CD0BF81004D85A8 /* ContentView.swift in Sources */,
			);
			runOnlyForDeploymentPostprocessing = 0;
		};
/* End PBXSourcesBuildPhase section */

/* Begin PBXTargetDependency section */
		112DC41D2CC61EDB00F4EF10 /* PBXTargetDependency */ = {
			isa = PBXTargetDependency;
			target = 112DC40A2CC61EDB00F4EF10 /* journaling */;
			targetProxy = 112DC41C2CC61EDB00F4EF10 /* PBXContainerItemProxy */;
		};
		112DC4272CC61EDB00F4EF10 /* PBXTargetDependency */ = {
			isa = PBXTargetDependency;
			target = 112DC40A2CC61EDB00F4EF10 /* journaling */;
			targetProxy = 112DC4262CC61EDB00F4EF10 /* PBXContainerItemProxy */;
		};
/* End PBXTargetDependency section */

/* Begin XCBuildConfiguration section */
		112DC42D2CC61EDB00F4EF10 /* Debug */ = {
			isa = XCBuildConfiguration;
			buildSettings = {
				ALWAYS_SEARCH_USER_PATHS = NO;
				ASSETCATALOG_COMPILER_GENERATE_SWIFT_ASSET_SYMBOL_EXTENSIONS = YES;
				CLANG_ANALYZER_NONNULL = YES;
				CLANG_ANALYZER_NUMBER_OBJECT_CONVERSION = YES_AGGRESSIVE;
				CLANG_CXX_LANGUAGE_STANDARD = "gnu++20";
				CLANG_ENABLE_MODULES = YES;
				CLANG_ENABLE_OBJC_ARC = YES;
				CLANG_ENABLE_OBJC_WEAK = YES;
				CLANG_WARN_BLOCK_CAPTURE_AUTORELEASING = YES;
				CLANG_WARN_BOOL_CONVERSION = YES;
				CLANG_WARN_COMMA = YES;
				CLANG_WARN_CONSTANT_CONVERSION = YES;
				CLANG_WARN_DEPRECATED_OBJC_IMPLEMENTATIONS = YES;
				CLANG_WARN_DIRECT_OBJC_ISA_USAGE = YES_ERROR;
				CLANG_WARN_DOCUMENTATION_COMMENTS = YES;
				CLANG_WARN_EMPTY_BODY = YES;
				CLANG_WARN_ENUM_CONVERSION = YES;
				CLANG_WARN_INFINITE_RECURSION = YES;
				CLANG_WARN_INT_CONVERSION = YES;
				CLANG_WARN_NON_LITERAL_NULL_CONVERSION = YES;
				CLANG_WARN_OBJC_IMPLICIT_RETAIN_SELF = YES;
				CLANG_WARN_OBJC_LITERAL_CONVERSION = YES;
				CLANG_WARN_OBJC_ROOT_CLASS = YES_ERROR;
				CLANG_WARN_QUOTED_INCLUDE_IN_FRAMEWORK_HEADER = YES;
				CLANG_WARN_RANGE_LOOP_ANALYSIS = YES;
				CLANG_WARN_STRICT_PROTOTYPES = YES;
				CLANG_WARN_SUSPICIOUS_MOVE = YES;
				CLANG_WARN_UNGUARDED_AVAILABILITY = YES_AGGRESSIVE;
				CLANG_WARN_UNREACHABLE_CODE = YES;
				CLANG_WARN__DUPLICATE_METHOD_MATCH = YES;
				COPY_PHASE_STRIP = NO;
				DEBUG_INFORMATION_FORMAT = dwarf;
				ENABLE_STRICT_OBJC_MSGSEND = YES;
				ENABLE_TESTABILITY = YES;
				ENABLE_USER_SCRIPT_SANDBOXING = YES;
				GCC_C_LANGUAGE_STANDARD = gnu17;
				GCC_DYNAMIC_NO_PIC = NO;
				GCC_NO_COMMON_BLOCKS = YES;
				GCC_OPTIMIZATION_LEVEL = 0;
				GCC_PREPROCESSOR_DEFINITIONS = (
					"DEBUG=1",
					"$(inherited)",
				);
				GCC_WARN_64_TO_32_BIT_CONVERSION = YES;
				GCC_WARN_ABOUT_RETURN_TYPE = YES_ERROR;
				GCC_WARN_UNDECLARED_SELECTOR = YES;
				GCC_WARN_UNINITIALIZED_AUTOS = YES_AGGRESSIVE;
				GCC_WARN_UNUSED_FUNCTION = YES;
				GCC_WARN_UNUSED_VARIABLE = YES;
				IPHONEOS_DEPLOYMENT_TARGET = 17.5;
				LOCALIZATION_PREFERS_STRING_CATALOGS = YES;
				MTL_ENABLE_DEBUG_INFO = INCLUDE_SOURCE;
				MTL_FAST_MATH = YES;
				ONLY_ACTIVE_ARCH = YES;
				SDKROOT = iphoneos;
				SWIFT_ACTIVE_COMPILATION_CONDITIONS = "DEBUG $(inherited)";
				SWIFT_OPTIMIZATION_LEVEL = "-Onone";
			};
			name = Debug;
		};
		112DC42E2CC61EDB00F4EF10 /* Release */ = {
			isa = XCBuildConfiguration;
			buildSettings = {
				ALWAYS_SEARCH_USER_PATHS = NO;
				ASSETCATALOG_COMPILER_GENERATE_SWIFT_ASSET_SYMBOL_EXTENSIONS = YES;
				CLANG_ANALYZER_NONNULL = YES;
				CLANG_ANALYZER_NUMBER_OBJECT_CONVERSION = YES_AGGRESSIVE;
				CLANG_CXX_LANGUAGE_STANDARD = "gnu++20";
				CLANG_ENABLE_MODULES = YES;
				CLANG_ENABLE_OBJC_ARC = YES;
				CLANG_ENABLE_OBJC_WEAK = YES;
				CLANG_WARN_BLOCK_CAPTURE_AUTORELEASING = YES;
				CLANG_WARN_BOOL_CONVERSION = YES;
				CLANG_WARN_COMMA = YES;
				CLANG_WARN_CONSTANT_CONVERSION = YES;
				CLANG_WARN_DEPRECATED_OBJC_IMPLEMENTATIONS = YES;
				CLANG_WARN_DIRECT_OBJC_ISA_USAGE = YES_ERROR;
				CLANG_WARN_DOCUMENTATION_COMMENTS = YES;
				CLANG_WARN_EMPTY_BODY = YES;
				CLANG_WARN_ENUM_CONVERSION = YES;
				CLANG_WARN_INFINITE_RECURSION = YES;
				CLANG_WARN_INT_CONVERSION = YES;
				CLANG_WARN_NON_LITERAL_NULL_CONVERSION = YES;
				CLANG_WARN_OBJC_IMPLICIT_RETAIN_SELF = YES;
				CLANG_WARN_OBJC_LITERAL_CONVERSION = YES;
				CLANG_WARN_OBJC_ROOT_CLASS = YES_ERROR;
				CLANG_WARN_QUOTED_INCLUDE_IN_FRAMEWORK_HEADER = YES;
				CLANG_WARN_RANGE_LOOP_ANALYSIS = YES;
				CLANG_WARN_STRICT_PROTOTYPES = YES;
				CLANG_WARN_SUSPICIOUS_MOVE = YES;
				CLANG_WARN_UNGUARDED_AVAILABILITY = YES_AGGRESSIVE;
				CLANG_WARN_UNREACHABLE_CODE = YES;
				CLANG_WARN__DUPLICATE_METHOD_MATCH = YES;
				COPY_PHASE_STRIP = NO;
				DEBUG_INFORMATION_FORMAT = "dwarf-with-dsym";
				ENABLE_NS_ASSERTIONS = NO;
				ENABLE_STRICT_OBJC_MSGSEND = YES;
				ENABLE_USER_SCRIPT_SANDBOXING = YES;
				GCC_C_LANGUAGE_STANDARD = gnu17;
				GCC_NO_COMMON_BLOCKS = YES;
				GCC_WARN_64_TO_32_BIT_CONVERSION = YES;
				GCC_WARN_ABOUT_RETURN_TYPE = YES_ERROR;
				GCC_WARN_UNDECLARED_SELECTOR = YES;
				GCC_WARN_UNINITIALIZED_AUTOS = YES_AGGRESSIVE;
				GCC_WARN_UNUSED_FUNCTION = YES;
				GCC_WARN_UNUSED_VARIABLE = YES;
				IPHONEOS_DEPLOYMENT_TARGET = 17.5;
				LOCALIZATION_PREFERS_STRING_CATALOGS = YES;
				MTL_ENABLE_DEBUG_INFO = NO;
				MTL_FAST_MATH = YES;
				SDKROOT = iphoneos;
				SWIFT_COMPILATION_MODE = wholemodule;
				VALIDATE_PRODUCT = YES;
			};
			name = Release;
		};
		112DC4302CC61EDB00F4EF10 /* Debug */ = {
			isa = XCBuildConfiguration;
			buildSettings = {
				ASSETCATALOG_COMPILER_APPICON_NAME = AppIcon;
				ASSETCATALOG_COMPILER_GLOBAL_ACCENT_COLOR_NAME = AccentColor;
				CLANG_ENABLE_MODULES = YES;
				CODE_SIGN_STYLE = Automatic;
				CURRENT_PROJECT_VERSION = 1;
				DEVELOPMENT_ASSET_PATHS = "\"journaling/Preview Content\"";
				ENABLE_PREVIEWS = YES;
				GENERATE_INFOPLIST_FILE = YES;
				INFOPLIST_KEY_UIApplicationSceneManifest_Generation = YES;
				INFOPLIST_KEY_UIApplicationSupportsIndirectInputEvents = YES;
				INFOPLIST_KEY_UILaunchScreen_Generation = YES;
				INFOPLIST_KEY_UISupportedInterfaceOrientations_iPad = "UIInterfaceOrientationPortrait UIInterfaceOrientationPortraitUpsideDown UIInterfaceOrientationLandscapeLeft UIInterfaceOrientationLandscapeRight";
				INFOPLIST_KEY_UISupportedInterfaceOrientations_iPhone = "UIInterfaceOrientationPortrait UIInterfaceOrientationLandscapeLeft UIInterfaceOrientationLandscapeRight";
				LD_RUNPATH_SEARCH_PATHS = (
					"$(inherited)",
					"@executable_path/Frameworks",
				);
				MARKETING_VERSION = 1.0;
				PRODUCT_BUNDLE_IDENTIFIER = www.dana.journaling;
				PRODUCT_NAME = "$(TARGET_NAME)";
				SWIFT_EMIT_LOC_STRINGS = YES;
				SWIFT_OPTIMIZATION_LEVEL = "-Onone";
				SWIFT_VERSION = 5.0;
				TARGETED_DEVICE_FAMILY = "1,2";
			};
			name = Debug;
		};
		112DC4312CC61EDB00F4EF10 /* Release */ = {
			isa = XCBuildConfiguration;
			buildSettings = {
				ASSETCATALOG_COMPILER_APPICON_NAME = AppIcon;
				ASSETCATALOG_COMPILER_GLOBAL_ACCENT_COLOR_NAME = AccentColor;
				CLANG_ENABLE_MODULES = YES;
				CODE_SIGN_STYLE = Automatic;
				CURRENT_PROJECT_VERSION = 1;
				DEVELOPMENT_ASSET_PATHS = "\"journaling/Preview Content\"";
				ENABLE_PREVIEWS = YES;
				GENERATE_INFOPLIST_FILE = YES;
				INFOPLIST_KEY_UIApplicationSceneManifest_Generation = YES;
				INFOPLIST_KEY_UIApplicationSupportsIndirectInputEvents = YES;
				INFOPLIST_KEY_UILaunchScreen_Generation = YES;
				INFOPLIST_KEY_UISupportedInterfaceOrientations_iPad = "UIInterfaceOrientationPortrait UIInterfaceOrientationPortraitUpsideDown UIInterfaceOrientationLandscapeLeft UIInterfaceOrientationLandscapeRight";
				INFOPLIST_KEY_UISupportedInterfaceOrientations_iPhone = "UIInterfaceOrientationPortrait UIInterfaceOrientationLandscapeLeft UIInterfaceOrientationLandscapeRight";
				LD_RUNPATH_SEARCH_PATHS = (
					"$(inherited)",
					"@executable_path/Frameworks",
				);
				MARKETING_VERSION = 1.0;
				PRODUCT_BUNDLE_IDENTIFIER = www.dana.journaling;
				PRODUCT_NAME = "$(TARGET_NAME)";
				SWIFT_EMIT_LOC_STRINGS = YES;
				SWIFT_VERSION = 5.0;
				TARGETED_DEVICE_FAMILY = "1,2";
			};
			name = Release;
		};
		112DC4332CC61EDB00F4EF10 /* Debug */ = {
			isa = XCBuildConfiguration;
			buildSettings = {
				ALWAYS_EMBED_SWIFT_STANDARD_LIBRARIES = YES;
				BUNDLE_LOADER = "$(TEST_HOST)";
				CODE_SIGN_STYLE = Automatic;
				CURRENT_PROJECT_VERSION = 1;
				GENERATE_INFOPLIST_FILE = YES;
				IPHONEOS_DEPLOYMENT_TARGET = 17.5;
				MARKETING_VERSION = 1.0;
				PRODUCT_BUNDLE_IDENTIFIER = www.dana.journalingTests;
				PRODUCT_NAME = "$(TARGET_NAME)";
				SWIFT_EMIT_LOC_STRINGS = NO;
				SWIFT_VERSION = 5.0;
				TARGETED_DEVICE_FAMILY = "1,2";
				TEST_HOST = "$(BUILT_PRODUCTS_DIR)/journaling.app/$(BUNDLE_EXECUTABLE_FOLDER_PATH)/journaling";
			};
			name = Debug;
		};
		112DC4342CC61EDB00F4EF10 /* Release */ = {
			isa = XCBuildConfiguration;
			buildSettings = {
				ALWAYS_EMBED_SWIFT_STANDARD_LIBRARIES = YES;
				BUNDLE_LOADER = "$(TEST_HOST)";
				CODE_SIGN_STYLE = Automatic;
				CURRENT_PROJECT_VERSION = 1;
				GENERATE_INFOPLIST_FILE = YES;
				IPHONEOS_DEPLOYMENT_TARGET = 17.5;
				MARKETING_VERSION = 1.0;
				PRODUCT_BUNDLE_IDENTIFIER = www.dana.journalingTests;
				PRODUCT_NAME = "$(TARGET_NAME)";
				SWIFT_EMIT_LOC_STRINGS = NO;
				SWIFT_VERSION = 5.0;
				TARGETED_DEVICE_FAMILY = "1,2";
				TEST_HOST = "$(BUILT_PRODUCTS_DIR)/journaling.app/$(BUNDLE_EXECUTABLE_FOLDER_PATH)/journaling";
			};
			name = Release;
		};
		112DC4362CC61EDB00F4EF10 /* Debug */ = {
			isa = XCBuildConfiguration;
			buildSettings = {
				ALWAYS_EMBED_SWIFT_STANDARD_LIBRARIES = YES;
				CODE_SIGN_STYLE = Automatic;
				CURRENT_PROJECT_VERSION = 1;
				GENERATE_INFOPLIST_FILE = YES;
				MARKETING_VERSION = 1.0;
				PRODUCT_BUNDLE_IDENTIFIER = www.dana.journalingUITests;
				PRODUCT_NAME = "$(TARGET_NAME)";
				SWIFT_EMIT_LOC_STRINGS = NO;
				SWIFT_VERSION = 5.0;
				TARGETED_DEVICE_FAMILY = "1,2";
				TEST_TARGET_NAME = journaling;
			};
			name = Debug;
		};
		112DC4372CC61EDB00F4EF10 /* Release */ = {
			isa = XCBuildConfiguration;
			buildSettings = {
				ALWAYS_EMBED_SWIFT_STANDARD_LIBRARIES = YES;
				CODE_SIGN_STYLE = Automatic;
				CURRENT_PROJECT_VERSION = 1;
				GENERATE_INFOPLIST_FILE = YES;
				MARKETING_VERSION = 1.0;
				PRODUCT_BUNDLE_IDENTIFIER = www.dana.journalingUITests;
				PRODUCT_NAME = "$(TARGET_NAME)";
				SWIFT_EMIT_LOC_STRINGS = NO;
				SWIFT_VERSION = 5.0;
				TARGETED_DEVICE_FAMILY = "1,2";
				TEST_TARGET_NAME = journaling;
			};
			name = Release;
		};
/* End XCBuildConfiguration section */

/* Begin XCConfigurationList section */
		112DC4062CC61EDA00F4EF10 /* Build configuration list for PBXProject "journaling" */ = {
			isa = XCConfigurationList;
			buildConfigurations = (
				112DC42D2CC61EDB00F4EF10 /* Debug */,
				112DC42E2CC61EDB00F4EF10 /* Release */,
			);
			defaultConfigurationIsVisible = 0;
			defaultConfigurationName = Release;
		};
		112DC42F2CC61EDB00F4EF10 /* Build configuration list for PBXNativeTarget "journaling" */ = {
			isa = XCConfigurationList;
			buildConfigurations = (
				112DC4302CC61EDB00F4EF10 /* Debug */,
				112DC4312CC61EDB00F4EF10 /* Release */,
			);
			defaultConfigurationIsVisible = 0;
			defaultConfigurationName = Release;
		};
		112DC4322CC61EDB00F4EF10 /* Build configuration list for PBXNativeTarget "journalingTests" */ = {
			isa = XCConfigurationList;
			buildConfigurations = (
				112DC4332CC61EDB00F4EF10 /* Debug */,
				112DC4342CC61EDB00F4EF10 /* Release */,
			);
			defaultConfigurationIsVisible = 0;
			defaultConfigurationName = Release;
		};
		112DC4352CC61EDB00F4EF10 /* Build configuration list for PBXNativeTarget "journalingUITests" */ = {
			isa = XCConfigurationList;
			buildConfigurations = (
				112DC4362CC61EDB00F4EF10 /* Debug */,
				112DC4372CC61EDB00F4EF10 /* Release */,
			);
			defaultConfigurationIsVisible = 0;
			defaultConfigurationName = Release;
		};
/* End XCConfigurationList section */
	};
	rootObject = 112DC4032CC61EDA00F4EF10 /* Project object */;
}
